
Microsoft Visual Studio Solution File, Format Version 12.00
# Visual Studio 15
VisualStudioVersion = 15.0.28307.1145
MinimumVisualStudioVersion = 10.0.40219.1
Project("{FAE04EC0-301F-11D3-BF4B-00C04F79EFBC}") = "Bertoni", "Bertoni\Bertoni.csproj", "{3DE11F2A-1AB2-4881-AC7E-1918E3431D6C}"
EndProject
Global
	GlobalSection(SolutionConfigurationPlatforms) = preSolution
		Debug|Any CPU = Debug|Any CPU
		Release|Any CPU = Release|Any CPU
	EndGlobalSection
	GlobalSection(ProjectConfigurationPlatforms) = postSolution
		{3DE11F2A-1AB2-4881-AC7E-1918E3431D6C}.Debug|Any CPU.ActiveCfg = Debug|Any CPU
		{3DE11F2A-1AB2-4881-AC7E-1918E3431D6C}.Debug|Any CPU.Build.0 = Debug|Any CPU
		{3DE11F2A-1AB2-4881-AC7E-1918E3431D6C}.Release|Any CPU.ActiveCfg = Release|Any CPU
		{3DE11F2A-1AB2-4881-AC7E-1918E3431D6C}.Release|Any CPU.Build.0 = Release|Any CPU
	EndGlobalSection
	GlobalSection(SolutionProperties) = preSolution
		HideSolutionNode = FALSE
	EndGlobalSection
	GlobalSection(ExtensibilityGlobals) = postSolution
		SolutionGuid = {243FB3E1-6F48-4693-A916-2AB8C05AECAA}
	EndGlobalSection
EndGlobal
